github.com/Masterminds/semver/v3 v3.2.1 h1:RN9w6+7QoMeJVGyfmbcgs28Br8cvmnucEXnY0rYXWg0=
github.com/Masterminds/semver/v3 v3.2.1/go.mod h1:qvl/7zhW3nngYb5+80sSMF+FG2BjYrf8m9wsX0PNOMQ=
github.com/aws/aws-cdk-go/awscdk v1.204.0-devpreview h1:t3TI4mtmRQlUF5OceL3zhhTlz1RtFMMbsWQ1oMrAsWg=
github.com/aws/aws-cdk-go/awscdk v1.204.0-devpreview/go.mod h1:ZAyiU+hVHfDS6Vvxf1ljmwawmA5Ri6FUay6M04+93pk=
github.com/aws/aws-cdk-go/awscdk/v2 v2.90.0 h1:W60NLSJsAouLHmVjgIEuA/LgOYJx75Hu3v+DHbZesbo=
github.com/aws/aws-cdk-go/awscdk/v2 v2.90.0/go.mod h1:iWDNt4/JZK5JggHfCszeIG4gxIuMqsCDqwzM+ayrwUQ=
github.com/aws/aws-sdk-go v1.49.1 h1:Dsamcd8d/nNb3A+bZ0ucfGl0vGZsW5wlRW0vhoYGoeQ=
github.com/aws/aws-sdk-go v1.49.1/go.mod h1:LF8svs817+Nz+DmiMQKTO3ubZ/6IaTpq3TjupRn3Eqk=
github.com/aws/aws-sdk-go-v2 v1.21.0 h1:gMT0IW+03wtYJhRqTVYn0wLzwdnK9sRMcxmtfGzRdJc=
github.com/aws/aws-sdk-go-v2 v1.21.0/go.mod h1:/RfNgGmRxI+iFOB1OeJUyxiU+9s88k3pfHvDagGEp0M=
github.com/aws/aws-sdk-go-v2 v1.24.0 h1:890+mqQ+hTpNuw0gGP6/4akolQkSToDJgHfQE7AwGuk=
github.com/aws/aws-sdk-go-v2 v1.24.0/go.mod h1:LNh45Br1YAkEKaAqvmE1m8FUx6a5b/V0oAKV7of29b4=
github.com/aws/aws-sdk-go-v2/internal/configsources v1.2.9 h1:v+HbZaCGmOwnTTVS86Fleq0vPzOd7tnJGbFhP0stNLs=
github.com/aws/aws-sdk-go-v2/internal/configsources v1.2.9/go.mod h1:Xjqy+Nyj7VDLBtCMkQYOw1QYfAEZCVLrfI0ezve8wd4=
github.com/aws/aws-sdk-go-v2/internal/endpoints/v2 v2.5.9 h1:N94sVhRACtXyVcjXxrwK1SKFIJrA9pOJ5yu2eSHnmls=
github.com/aws/aws-sdk-go-v2/internal/endpoints/v2 v2.5.9/go.mod h1:hqamLz7g1/4EJP+GH5NBhcUMLjW+gKLQabgyz6/7WAU=
github.com/aws/aws-sdk-go-v2/service/cloudformation v1.42.4 h1:nQkJLC3ytsYFW1nVzBwbOaJ2EZ8MEclsVcF94S1sNPg=
github.com/aws/aws-sdk-go-v2/service/cloudformation v1.42.4/go.mod h1:oPk8ZMctRUtGC13pOE83Zp0baZgJsmzuKm4IRR+zQOI=
github.com/aws/constructs-go/constructs/v10 v10.2.69 h1:XW89VuKlwwzgU77Nyzj30SPn2SFtDYkzfF+QN84b5bQ=
github.com/aws/constructs-go/constructs/v10 v10.2.69/go.mod h1:5WfHPfZkNfuz2sOaSNZPhtKr2bofB0M3/0i8ty3xuW8=
github.com/aws/constructs-go/constructs/v3 v3.4.232 h1:YLw1wSu8/qqmacsZWPXI+qFNu4ml2YZwtRZHL2gaB8M=
github.com/aws/constructs-go/constructs/v3 v3.4.232/go.mod h1:ejR5Hd2llgfqo68taM7H/hnri4hrHObbsqbT6YySLMI=
github.com/aws/jsii-runtime-go v1.86.0 h1:wLkZ5Y2eiKJvFiExXLshhYdlx5qvbgq12FGAOp4YSxQ=
github.com/aws/jsii-runtime-go v1.86.0/go.mod h1:4onTREXyqS1dVxkaFhHn2eJ58LKhJGVp2pQBhOw27aY=
github.com/aws/smithy-go v1.14.2 h1:MJU9hqBGbvWZdApzpvoF2WAIJDbtjK2NDJSiJP7HblQ=
github.com/aws/smithy-go v1.14.2/go.mod h1:Tg+OJXh4MB2R/uN61Ko2f6hTZwB/ZYGOtib8J3gBHzA=
github.com/aws/smithy-go v1.19.0 h1:KWFKQV80DpP3vJrrA9sVAHQ5gc2z8i4EzrLhLlWXcBM=
github.com/aws/smithy-go v1.19.0/go.mod h1:NukqUGpCZIILqqiV0NIjeFh24kd/FAa4beRb6nbIUPE=
github.com/cdklabs/awscdk-asset-awscli-go/awscliv1/v2 v2.2.200 h1:CwkS78cin4h5A3IaDcL69GrBI1HgTEB/xtECTf1luCc=
github.com/cdklabs/awscdk-asset-awscli-go/awscliv1/v2 v2.2.200/go.mod h1:sx6+u9s3UHyhm9BGrkGdQgNA0Ni5ekbJ9hW2Gupvoy0=
github.com/cdklabs/awscdk-asset-kubectl-go/kubectlv20/v2 v2.1.2 h1:k+WD+6cERd59Mao84v0QtRrcdZuuSMfzlEmuIypKnVs=
github.com/cdklabs/awscdk-asset-kubectl-go/kubectlv20/v2 v2.1.2/go.mod h1:CvFHBo0qcg8LUkJqIxQtP1rD/sNGv9bX3L2vHT2FUAo=
github.com/cdklabs/awscdk-asset-node-proxy-agent-go/nodeproxyagentv5/v2 v2.0.166 h1:U5yXUyaDEDYyMkXys8T8p+xXnNtrpj8meSjyzMvi87g=
github.com/cdklabs/awscdk-asset-node-proxy-agent-go/nodeproxyagentv5/v2 v2.0.166/go.mod h1:gRo8jRhn3XwNiy2v47yITrKFM/OPK1Mv9U9fKq5d6lI=
github.com/davecgh/go-spew v1.1.0/go.mod h1:J7Y8YcW2NihsgmVo/mv3lAwl/skON4iLHjSsI+c5H38=
github.com/google/go-cmp v0.5.8/go.mod h1:17dUlkBOakJ0+DkrSSNjCkIjxS6bF9zb3elmeNGIjoY=
github.com/jmespath/go-jmespath v0.4.0 h1:BEgLn5cpjn8UN1mAw4NjwDrS35OdebyEtFe+9YPoQUg=
github.com/jmespath/go-jmespath v0.4.0/go.mod h1:T8mJZnbsbmF+m6zOOFylbeCJqk5+pHWvzYPziyZiYoo=
github.com/jmespath/go-jmespath/internal/testify v1.5.1/go.mod h1:L3OGu8Wl2/fWfCI6z80xFu9LTZmf1ZRjMHUOPmWr69U=
github.com/pmezard/go-difflib v1.0.0/go.mod h1:iKH77koFhYxTK1pcRnkKkqfTogsbg7gZNVY4sRDYZ/4=
github.com/stretchr/objx v0.1.0/go.mod h1:HFkY916IF+rwdDfMAkV7OtwuqBVzrE8GR6GFx+wExME=
gopkg.in/check.v1 v0.0.0-20161208181325-20d25e280405/go.mod h1:Co6ibVJAznAaIkqp8huTwlJQCZ016jof/cbN4VW5Yz0=
gopkg.in/yaml.v2 v2.2.8/go.mod h1:hI93XBmqTisBFMUTm0b8Fm+jr3Dg1NNxqwp+5A1VGuI=
